
Microsoft Visual Studio Solution File, Format Version 12.00
# Visual Studio Version 17
VisualStudioVersion = 17.2.32616.157
MinimumVisualStudioVersion = 10.0.40219.1
Project("{8BC9CEB8-8B4A-11D0-8D11-00A0C91BC942}") = "Exercicio 2", "Exercicio 2\Exercicio 2.vcxproj", "{26BDA66E-116F-43B4-BB60-3A9D356522CA}"
EndProject
Project("{8BC9CEB8-8B4A-11D0-8D11-00A0C91BC942}") = "Exercicio 3", "Exercicio 3\Exercicio 3.vcxproj", "{823C05A8-BC38-437A-88B6-67E8103C3A37}"
EndProject
Project("{8BC9CEB8-8B4A-11D0-8D11-00A0C91BC942}") = "Exercicio 4", "Exercicio 4\Exercicio 4.vcxproj", "{B8596649-0194-4165-B5DD-6E92D4689BD9}"
EndProject
Project("{8BC9CEB8-8B4A-11D0-8D11-00A0C91BC942}") = "Exercicio 5", "Exercicio 5\Exercicio 5.vcxproj", "{2473C69C-319C-4ED6-8EC1-DCBD614E2D16}"
EndProject
Project("{8BC9CEB8-8B4A-11D0-8D11-00A0C91BC942}") = "Exercicio 6", "Exercicio 6\Exercicio 6.vcxproj", "{DF6AC2CD-1ABC-43AF-9F3F-35A080C5D48B}"
EndProject
Global
	GlobalSection(SolutionConfigurationPlatforms) = preSolution
		Debug|x64 = Debug|x64
		Debug|x86 = Debug|x86
		Release|x64 = Release|x64
		Release|x86 = Release|x86
	EndGlobalSection
	GlobalSection(ProjectConfigurationPlatforms) = postSolution
		{26BDA66E-116F-43B4-BB60-3A9D356522CA}.Debug|x64.ActiveCfg = Debug|x64
		{26BDA66E-116F-43B4-BB60-3A9D356522CA}.Debug|x64.Build.0 = Debug|x64
		{26BDA66E-116F-43B4-BB60-3A9D356522CA}.Debug|x86.ActiveCfg = Debug|Win32
		{26BDA66E-116F-43B4-BB60-3A9D356522CA}.Debug|x86.Build.0 = Debug|Win32
		{26BDA66E-116F-43B4-BB60-3A9D356522CA}.Release|x64.ActiveCfg = Release|x64
		{26BDA66E-116F-43B4-BB60-3A9D356522CA}.Release|x64.Build.0 = Release|x64
		{26BDA66E-116F-43B4-BB60-3A9D356522CA}.Release|x86.ActiveCfg = Release|Win32
		{26BDA66E-116F-43B4-BB60-3A9D356522CA}.Release|x86.Build.0 = Release|Win32
		{823C05A8-BC38-437A-88B6-67E8103C3A37}.Debug|x64.ActiveCfg = Debug|x64
		{823C05A8-BC38-437A-88B6-67E8103C3A37}.Debug|x64.Build.0 = Debug|x64
		{823C05A8-BC38-437A-88B6-67E8103C3A37}.Debug|x86.ActiveCfg = Debug|Win32
		{823C05A8-BC38-437A-88B6-67E8103C3A37}.Debug|x86.Build.0 = Debug|Win32
		{823C05A8-BC38-437A-88B6-67E8103C3A37}.Release|x64.ActiveCfg = Release|x64
		{823C05A8-BC38-437A-88B6-67E8103C3A37}.Release|x64.Build.0 = Release|x64
		{823C05A8-BC38-437A-88B6-67E8103C3A37}.Release|x86.ActiveCfg = Release|Win32
		{823C05A8-BC38-437A-88B6-67E8103C3A37}.Release|x86.Build.0 = Release|Win32
		{B8596649-0194-4165-B5DD-6E92D4689BD9}.Debug|x64.ActiveCfg = Debug|x64
		{B8596649-0194-4165-B5DD-6E92D4689BD9}.Debug|x64.Build.0 = Debug|x64
		{B8596649-0194-4165-B5DD-6E92D4689BD9}.Debug|x86.ActiveCfg = Debug|Win32
		{B8596649-0194-4165-B5DD-6E92D4689BD9}.Debug|x86.Build.0 = Debug|Win32
		{B8596649-0194-4165-B5DD-6E92D4689BD9}.Release|x64.ActiveCfg = Release|x64
		{B8596649-0194-4165-B5DD-6E92D4689BD9}.Release|x64.Build.0 = Release|x64
		{B8596649-0194-4165-B5DD-6E92D4689BD9}.Release|x86.ActiveCfg = Release|Win32
		{B8596649-0194-4165-B5DD-6E92D4689BD9}.Release|x86.Build.0 = Release|Win32
		{2473C69C-319C-4ED6-8EC1-DCBD614E2D16}.Debug|x64.ActiveCfg = Debug|x64
		{2473C69C-319C-4ED6-8EC1-DCBD614E2D16}.Debug|x64.Build.0 = Debug|x64
		{2473C69C-319C-4ED6-8EC1-DCBD614E2D16}.Debug|x86.ActiveCfg = Debug|Win32
		{2473C69C-319C-4ED6-8EC1-DCBD614E2D16}.Debug|x86.Build.0 = Debug|Win32
		{2473C69C-319C-4ED6-8EC1-DCBD614E2D16}.Release|x64.ActiveCfg = Release|x64
		{2473C69C-319C-4ED6-8EC1-DCBD614E2D16}.Release|x64.Build.0 = Release|x64
		{2473C69C-319C-4ED6-8EC1-DCBD614E2D16}.Release|x86.ActiveCfg = Release|Win32
		{2473C69C-319C-4ED6-8EC1-DCBD614E2D16}.Release|x86.Build.0 = Release|Win32
		{DF6AC2CD-1ABC-43AF-9F3F-35A080C5D48B}.Debug|x64.ActiveCfg = Debug|x64
		{DF6AC2CD-1ABC-43AF-9F3F-35A080C5D48B}.Debug|x64.Build.0 = Debug|x64
		{DF6AC2CD-1ABC-43AF-9F3F-35A080C5D48B}.Debug|x86.ActiveCfg = Debug|Win32
		{DF6AC2CD-1ABC-43AF-9F3F-35A080C5D48B}.Debug|x86.Build.0 = Debug|Win32
		{DF6AC2CD-1ABC-43AF-9F3F-35A080C5D48B}.Release|x64.ActiveCfg = Release|x64
		{DF6AC2CD-1ABC-43AF-9F3F-35A080C5D48B}.Release|x64.Build.0 = Release|x64
		{DF6AC2CD-1ABC-43AF-9F3F-35A080C5D48B}.Release|x86.ActiveCfg = Release|Win32
		{DF6AC2CD-1ABC-43AF-9F3F-35A080C5D48B}.Release|x86.Build.0 = Release|Win32
	EndGlobalSection
	GlobalSection(SolutionProperties) = preSolution
		HideSolutionNode = FALSE
	EndGlobalSection
	GlobalSection(ExtensibilityGlobals) = postSolution
		SolutionGuid = {0BBD93A4-4BF9-42AA-B453-0BC34435E968}
	EndGlobalSection
EndGlobal
